
Microsoft Visual Studio Solution File, Format Version 12.00
# Visual Studio Version 16
VisualStudioVersion = 16.0.32228.343
MinimumVisualStudioVersion = 10.0.40219.1
Project("{FAE04EC0-301F-11D3-BF4B-00C04F79EFBC}") = "StarbuzzCoffee", "StarbuzzCoffee.csproj", "{15799028-7DD5-40F2-BB54-4CFC0D175EA8}"
EndProject
Global
	GlobalSection(SolutionConfigurationPlatforms) = preSolution
		Debug|Any CPU = Debug|Any CPU
		Release|Any CPU = Release|Any CPU
	EndGlobalSection
	GlobalSection(ProjectConfigurationPlatforms) = postSolution
		{15799028-7DD5-40F2-BB54-4CFC0D175EA8}.Debug|Any CPU.ActiveCfg = Debug|Any CPU
		{15799028-7DD5-40F2-BB54-4CFC0D175EA8}.Debug|Any CPU.Build.0 = Debug|Any CPU
		{15799028-7DD5-40F2-BB54-4CFC0D175EA8}.Release|Any CPU.ActiveCfg = Release|Any CPU
		{15799028-7DD5-40F2-BB54-4CFC0D175EA8}.Release|Any CPU.Build.0 = Release|Any CPU
	EndGlobalSection
	GlobalSection(SolutionProperties) = preSolution
		HideSolutionNode = FALSE
	EndGlobalSection
	GlobalSection(ExtensibilityGlobals) = postSolution
		SolutionGuid = {66C31997-97D7-4060-857C-9AA83C4FAD59}
	EndGlobalSection
EndGlobal
